
Microsoft Visual Studio Solution File, Format Version 12.00
# Visual Studio Version 17
VisualStudioVersion = 17.14.36301.6 d17.14
MinimumVisualStudioVersion = 10.0.40219.1
Project("{FAE04EC0-301F-11D3-BF4B-00C04F79EFBC}") = "WebAPI1", "WebAPI1\WebAPI1.csproj", "{A75FEC3D-12D3-44CA-99D4-644AC6CB4627}"
EndProject
Global
	GlobalSection(SolutionConfigurationPlatforms) = preSolution
		Debug|Any CPU = Debug|Any CPU
		Release|Any CPU = Release|Any CPU
	EndGlobalSection
	GlobalSection(ProjectConfigurationPlatforms) = postSolution
		{A75FEC3D-12D3-44CA-99D4-644AC6CB4627}.Debug|Any CPU.ActiveCfg = Debug|Any CPU
		{A75FEC3D-12D3-44CA-99D4-644AC6CB4627}.Debug|Any CPU.Build.0 = Debug|Any CPU
		{A75FEC3D-12D3-44CA-99D4-644AC6CB4627}.Release|Any CPU.ActiveCfg = Release|Any CPU
		{A75FEC3D-12D3-44CA-99D4-644AC6CB4627}.Release|Any CPU.Build.0 = Release|Any CPU
	EndGlobalSection
	GlobalSection(SolutionProperties) = preSolution
		HideSolutionNode = FALSE
	EndGlobalSection
	GlobalSection(ExtensibilityGlobals) = postSolution
		SolutionGuid = {16787F50-DB93-47DE-8F54-F8F3D8137A33}
	EndGlobalSection
EndGlobal
